
Microsoft Visual Studio Solution File, Format Version 12.00
# Visual Studio Version 16
VisualStudioVersion = 16.0.31321.278
MinimumVisualStudioVersion = 10.0.40219.1
Project("{9A19103F-16F7-4668-BE54-9A1E7A4F7556}") = "ApiSaludar", "ApiSaludar\ApiSaludar.csproj", "{07DF826B-CA8C-4594-8947-379AF501FFFA}"
EndProject
Project("{2150E333-8FDC-42A3-9474-1A3956D46DE8}") = "1.Layers", "1.Layers", "{82C2F181-3DB4-4A73-8E69-93E75B80173A}"
EndProject
Project("{2150E333-8FDC-42A3-9474-1A3956D46DE8}") = "1.1 Servicios", "1.1 Servicios", "{1CB3F30F-FB48-4F43-9460-B85E339FF16F}"
EndProject
Project("{2150E333-8FDC-42A3-9474-1A3956D46DE8}") = "1.2 Business", "1.2 Business", "{80EA3A9F-DAA7-4006-92F3-00F723D115B5}"
EndProject
Project("{2150E333-8FDC-42A3-9474-1A3956D46DE8}") = "1.3 DataAccess", "1.3 DataAccess", "{D893E3A6-6D85-4376-8E0D-807B4F5AEE35}"
EndProject
Project("{2150E333-8FDC-42A3-9474-1A3956D46DE8}") = "1.4 CrossCutting", "1.4 CrossCutting", "{1CAF36E1-F1CA-4527-A68E-6E10216AAF7F}"
EndProject
Project("{9A19103F-16F7-4668-BE54-9A1E7A4F7556}") = "Saludar.Business", "Saludar.Business\Saludar.Business.csproj", "{A2F5D128-CC91-4512-BFE7-7031A961874F}"
EndProject
Project("{9A19103F-16F7-4668-BE54-9A1E7A4F7556}") = "Saludar.EntitiesDto", "Saludar.EntitiesDto\Saludar.EntitiesDto.csproj", "{F2B28AB4-0DFB-4E7C-8A6E-14E64653F220}"
EndProject
Project("{9A19103F-16F7-4668-BE54-9A1E7A4F7556}") = "Saludar.DataAccess", "Saludar.DataAccess\Saludar.DataAccess.csproj", "{3A6AE123-311D-441D-949C-88C681F1ACA2}"
EndProject
Project("{2150E333-8FDC-42A3-9474-1A3956D46DE8}") = "2.TestUnitario", "2.TestUnitario", "{BB09CA48-F2AB-4C35-80C4-24B151671912}"
EndProject
Project("{FAE04EC0-301F-11D3-BF4B-00C04F79EFBC}") = "ApiSaludar.Pruebas", "ApiSaludar.Pruebas\ApiSaludar.Pruebas.csproj", "{4C73467F-D906-47F0-A139-B4414AE2DB71}"
EndProject
Project("{FAE04EC0-301F-11D3-BF4B-00C04F79EFBC}") = "Saludar.Mensajes", "Saludar.Mensaje\Saludar.Mensajes.csproj", "{C0673EC3-D1EC-4ABE-A9F3-2B3E28CDCF75}"
EndProject
Global
	GlobalSection(SolutionConfigurationPlatforms) = preSolution
		Debug|Any CPU = Debug|Any CPU
		Release|Any CPU = Release|Any CPU
	EndGlobalSection
	GlobalSection(ProjectConfigurationPlatforms) = postSolution
		{07DF826B-CA8C-4594-8947-379AF501FFFA}.Debug|Any CPU.ActiveCfg = Debug|Any CPU
		{07DF826B-CA8C-4594-8947-379AF501FFFA}.Debug|Any CPU.Build.0 = Debug|Any CPU
		{07DF826B-CA8C-4594-8947-379AF501FFFA}.Release|Any CPU.ActiveCfg = Release|Any CPU
		{07DF826B-CA8C-4594-8947-379AF501FFFA}.Release|Any CPU.Build.0 = Release|Any CPU
		{A2F5D128-CC91-4512-BFE7-7031A961874F}.Debug|Any CPU.ActiveCfg = Debug|Any CPU
		{A2F5D128-CC91-4512-BFE7-7031A961874F}.Debug|Any CPU.Build.0 = Debug|Any CPU
		{A2F5D128-CC91-4512-BFE7-7031A961874F}.Release|Any CPU.ActiveCfg = Release|Any CPU
		{A2F5D128-CC91-4512-BFE7-7031A961874F}.Release|Any CPU.Build.0 = Release|Any CPU
		{F2B28AB4-0DFB-4E7C-8A6E-14E64653F220}.Debug|Any CPU.ActiveCfg = Debug|Any CPU
		{F2B28AB4-0DFB-4E7C-8A6E-14E64653F220}.Debug|Any CPU.Build.0 = Debug|Any CPU
		{F2B28AB4-0DFB-4E7C-8A6E-14E64653F220}.Release|Any CPU.ActiveCfg = Release|Any CPU
		{F2B28AB4-0DFB-4E7C-8A6E-14E64653F220}.Release|Any CPU.Build.0 = Release|Any CPU
		{3A6AE123-311D-441D-949C-88C681F1ACA2}.Debug|Any CPU.ActiveCfg = Debug|Any CPU
		{3A6AE123-311D-441D-949C-88C681F1ACA2}.Debug|Any CPU.Build.0 = Debug|Any CPU
		{3A6AE123-311D-441D-949C-88C681F1ACA2}.Release|Any CPU.ActiveCfg = Release|Any CPU
		{3A6AE123-311D-441D-949C-88C681F1ACA2}.Release|Any CPU.Build.0 = Release|Any CPU
		{4C73467F-D906-47F0-A139-B4414AE2DB71}.Debug|Any CPU.ActiveCfg = Debug|Any CPU
		{4C73467F-D906-47F0-A139-B4414AE2DB71}.Debug|Any CPU.Build.0 = Debug|Any CPU
		{4C73467F-D906-47F0-A139-B4414AE2DB71}.Release|Any CPU.ActiveCfg = Release|Any CPU
		{4C73467F-D906-47F0-A139-B4414AE2DB71}.Release|Any CPU.Build.0 = Release|Any CPU
		{C0673EC3-D1EC-4ABE-A9F3-2B3E28CDCF75}.Debug|Any CPU.ActiveCfg = Debug|Any CPU
		{C0673EC3-D1EC-4ABE-A9F3-2B3E28CDCF75}.Debug|Any CPU.Build.0 = Debug|Any CPU
		{C0673EC3-D1EC-4ABE-A9F3-2B3E28CDCF75}.Release|Any CPU.ActiveCfg = Release|Any CPU
		{C0673EC3-D1EC-4ABE-A9F3-2B3E28CDCF75}.Release|Any CPU.Build.0 = Release|Any CPU
	EndGlobalSection
	GlobalSection(SolutionProperties) = preSolution
		HideSolutionNode = FALSE
	EndGlobalSection
	GlobalSection(NestedProjects) = preSolution
		{07DF826B-CA8C-4594-8947-379AF501FFFA} = {1CB3F30F-FB48-4F43-9460-B85E339FF16F}
		{1CB3F30F-FB48-4F43-9460-B85E339FF16F} = {82C2F181-3DB4-4A73-8E69-93E75B80173A}
		{80EA3A9F-DAA7-4006-92F3-00F723D115B5} = {82C2F181-3DB4-4A73-8E69-93E75B80173A}
		{D893E3A6-6D85-4376-8E0D-807B4F5AEE35} = {82C2F181-3DB4-4A73-8E69-93E75B80173A}
		{1CAF36E1-F1CA-4527-A68E-6E10216AAF7F} = {82C2F181-3DB4-4A73-8E69-93E75B80173A}
		{A2F5D128-CC91-4512-BFE7-7031A961874F} = {80EA3A9F-DAA7-4006-92F3-00F723D115B5}
		{F2B28AB4-0DFB-4E7C-8A6E-14E64653F220} = {1CAF36E1-F1CA-4527-A68E-6E10216AAF7F}
		{3A6AE123-311D-441D-949C-88C681F1ACA2} = {D893E3A6-6D85-4376-8E0D-807B4F5AEE35}
		{4C73467F-D906-47F0-A139-B4414AE2DB71} = {BB09CA48-F2AB-4C35-80C4-24B151671912}
		{C0673EC3-D1EC-4ABE-A9F3-2B3E28CDCF75} = {1CAF36E1-F1CA-4527-A68E-6E10216AAF7F}
	EndGlobalSection
	GlobalSection(ExtensibilityGlobals) = postSolution
		SolutionGuid = {713F910E-E710-4F21-80E2-84B829208F72}
	EndGlobalSection
EndGlobal
